
Microsoft Visual Studio Solution File, Format Version 12.00
# Visual Studio Version 17
VisualStudioVersion = 17.2.32526.322
MinimumVisualStudioVersion = 10.0.40219.1
Project("{FAE04EC0-301F-11D3-BF4B-00C04F79EFBC}") = "Design Library", "Design Library\Design Library.csproj", "{4E4F84FC-27C7-4783-AACD-CBF6681A5B34}"
EndProject
Global
	GlobalSection(SolutionConfigurationPlatforms) = preSolution
		Debug|Any CPU = Debug|Any CPU
		Release|Any CPU = Release|Any CPU
	EndGlobalSection
	GlobalSection(ProjectConfigurationPlatforms) = postSolution
		{4E4F84FC-27C7-4783-AACD-CBF6681A5B34}.Debug|Any CPU.ActiveCfg = Debug|Any CPU
		{4E4F84FC-27C7-4783-AACD-CBF6681A5B34}.Debug|Any CPU.Build.0 = Debug|Any CPU
		{4E4F84FC-27C7-4783-AACD-CBF6681A5B34}.Release|Any CPU.ActiveCfg = Release|Any CPU
		{4E4F84FC-27C7-4783-AACD-CBF6681A5B34}.Release|Any CPU.Build.0 = Release|Any CPU
	EndGlobalSection
	GlobalSection(SolutionProperties) = preSolution
		HideSolutionNode = FALSE
	EndGlobalSection
	GlobalSection(ExtensibilityGlobals) = postSolution
		SolutionGuid = {9CC0FBDD-5928-4024-AF43-CB0C6EAE91F2}
	EndGlobalSection
EndGlobal
